
Microsoft Visual Studio Solution File, Format Version 12.00
# Visual Studio Version 17
VisualStudioVersion = 17.9.34701.34
MinimumVisualStudioVersion = 10.0.40219.1
Project("{FAE04EC0-301F-11D3-BF4B-00C04F79EFBC}") = "util.API", "util.API\util.API.csproj", "{72D1686F-EE67-45C5-92C5-3A938AF1FDBC}"
EndProject
Global
	GlobalSection(SolutionConfigurationPlatforms) = preSolution
		Debug|Any CPU = Debug|Any CPU
		Release|Any CPU = Release|Any CPU
	EndGlobalSection
	GlobalSection(ProjectConfigurationPlatforms) = postSolution
		{72D1686F-EE67-45C5-92C5-3A938AF1FDBC}.Debug|Any CPU.ActiveCfg = Debug|Any CPU
		{72D1686F-EE67-45C5-92C5-3A938AF1FDBC}.Debug|Any CPU.Build.0 = Debug|Any CPU
		{72D1686F-EE67-45C5-92C5-3A938AF1FDBC}.Release|Any CPU.ActiveCfg = Release|Any CPU
		{72D1686F-EE67-45C5-92C5-3A938AF1FDBC}.Release|Any CPU.Build.0 = Release|Any CPU
	EndGlobalSection
	GlobalSection(SolutionProperties) = preSolution
		HideSolutionNode = FALSE
	EndGlobalSection
	GlobalSection(ExtensibilityGlobals) = postSolution
		SolutionGuid = {426D32A7-F262-44B8-8EF4-F88F0BC1DA7C}
	EndGlobalSection
EndGlobal
